
Microsoft Visual Studio Solution File, Format Version 12.00
# Visual Studio Version 17
VisualStudioVersion = 17.12.35707.178
MinimumVisualStudioVersion = 10.0.40219.1
Project("{2150E333-8FDC-42A3-9474-1A3956D46DE8}") = "Solution Items", "Solution Items", "{4929B0D8-A7A6-4259-B0C7-5E383788A586}"
	ProjectSection(SolutionItems) = preProject
		.editorconfig = .editorconfig
		Directory.Build.props = Directory.Build.props
	EndProjectSection
EndProject
Project("{2150E333-8FDC-42A3-9474-1A3956D46DE8}") = "src", "src", "{540D6BE2-3988-414D-AE31-5FCC8550EF8A}"
EndProject
Project("{2150E333-8FDC-42A3-9474-1A3956D46DE8}") = "API", "API", "{2B761148-B7F9-436D-8759-922F90929E39}"
EndProject
Project("{2150E333-8FDC-42A3-9474-1A3956D46DE8}") = "Modules", "Modules", "{C53FCC9F-5949-4CEB-A5FF-6458A230085F}"
EndProject
Project("{2150E333-8FDC-42A3-9474-1A3956D46DE8}") = "Events", "Events", "{AA39295F-FF8C-4571-86FD-B0475186AB56}"
EndProject
Project("{FAE04EC0-301F-11D3-BF4B-00C04F79EFBC}") = "EMS.Api", "EMS.Api\EMS.Api.csproj", "{0781E2FA-1E41-4E5B-B81A-77108F8880D9}"
EndProject
Project("{E53339B2-1760-4266-BCC7-CA923CBCF16C}") = "docker-compose", "docker-compose.dcproj", "{F606E326-9A98-49FF-9B00-6DE475DFC76A}"
EndProject
Project("{FAE04EC0-301F-11D3-BF4B-00C04F79EFBC}") = "EMS.Modules.Events.Domain", "EMS.Modules.Events.Domain\EMS.Modules.Events.Domain.csproj", "{2148125A-817B-473E-9CBB-C9BE87D196D3}"
EndProject
Project("{FAE04EC0-301F-11D3-BF4B-00C04F79EFBC}") = "EMS.Modules.Events.Infrastructure", "EMS.Modules.Events.Infrastructure\EMS.Modules.Events.Infrastructure.csproj", "{FCC6E1EB-F9CB-424A-BB60-9FA0F7A7045D}"
EndProject
Project("{FAE04EC0-301F-11D3-BF4B-00C04F79EFBC}") = "EMS.Modules.Events.Presentation", "EMS.Modules.Events.Presentation\EMS.Modules.Events.Presentation.csproj", "{429432BE-8F69-41C4-A834-E47096C173A6}"
EndProject
Project("{FAE04EC0-301F-11D3-BF4B-00C04F79EFBC}") = "EMS.Modules.Events.Application", "EMS.Modules.Events.Application\EMS.Modules.Events.Application.csproj", "{B21B1425-B237-4956-8B0C-FCA57B0E7D71}"
EndProject
Project("{2150E333-8FDC-42A3-9474-1A3956D46DE8}") = "Common", "Common", "{02EA681E-C7D8-13C7-8484-4AC65E1B71E8}"
EndProject
Project("{FAE04EC0-301F-11D3-BF4B-00C04F79EFBC}") = "EMS.Common.Application", "EMS.Common.Application\EMS.Common.Application.csproj", "{6B98CC6E-E60E-4A8A-A98D-7C8E1893E3BD}"
EndProject
Project("{FAE04EC0-301F-11D3-BF4B-00C04F79EFBC}") = "EMS.Common.Domain", "EMS.Common.Domain\EMS.Common.Domain.csproj", "{C1753792-6DB6-4097-AF79-76413305187E}"
EndProject
Project("{FAE04EC0-301F-11D3-BF4B-00C04F79EFBC}") = "EMS.Common.Infrastructure", "EMS.Common.Infrastructure\EMS.Common.Infrastructure.csproj", "{D9E0086B-F0EC-45E6-8EAD-6C313A343AB7}"
EndProject
Project("{FAE04EC0-301F-11D3-BF4B-00C04F79EFBC}") = "EMS.Common.Presentation", "EMS.Common.Presentation\EMS.Common.Presentation.csproj", "{70E500DB-260D-4ADF-8867-F061116DA6B6}"
EndProject
Project("{2150E333-8FDC-42A3-9474-1A3956D46DE8}") = "Users", "Users", "{8B7C0F60-A51B-4C7B-97F2-61D72753E425}"
EndProject
Project("{FAE04EC0-301F-11D3-BF4B-00C04F79EFBC}") = "EMS.Modules.Users.Application", "EMS.Modules.Users.Application\EMS.Modules.Users.Application.csproj", "{A805DB06-3650-4AD1-9076-72F3BBE9351A}"
EndProject
Project("{FAE04EC0-301F-11D3-BF4B-00C04F79EFBC}") = "EMS.Modules.Users.Domain", "EMS.Modules.Users.Domain\EMS.Modules.Users.Domain.csproj", "{2470D80C-54D2-48C8-B51A-10E2C0C20F6D}"
EndProject
Project("{FAE04EC0-301F-11D3-BF4B-00C04F79EFBC}") = "EMS.Modules.Users.Infrastructure", "EMS.Modules.Users.Infrastructure\EMS.Modules.Users.Infrastructure.csproj", "{EE71642A-A038-4181-A011-B0F406DE6B3E}"
EndProject
Project("{FAE04EC0-301F-11D3-BF4B-00C04F79EFBC}") = "EMS.Modules.Users.Presentation", "EMS.Modules.Users.Presentation\EMS.Modules.Users.Presentation.csproj", "{6CF02AE3-67BA-4F92-B420-7473AA288CCB}"
EndProject
Project("{2150E333-8FDC-42A3-9474-1A3956D46DE8}") = "Ticketing", "Ticketing", "{9AE82879-880B-4DC2-B9DB-4633B8A17FA7}"
EndProject
Project("{FAE04EC0-301F-11D3-BF4B-00C04F79EFBC}") = "EMS.Modules.Ticketing.Application", "EMS.Modules.Ticketing.Application\EMS.Modules.Ticketing.Application.csproj", "{8A3C4434-D23A-4F7D-80A0-AC38B2B122DE}"
EndProject
Project("{FAE04EC0-301F-11D3-BF4B-00C04F79EFBC}") = "EMS.Modules.Ticketing.Domain", "EMS.Modules.Ticketing.Domain\EMS.Modules.Ticketing.Domain.csproj", "{D80A5B8C-C844-4403-855B-73E3F16BD9E3}"
EndProject
Project("{FAE04EC0-301F-11D3-BF4B-00C04F79EFBC}") = "EMS.Modules.Ticketing.Infrastructure", "EMS.Modules.Ticketing.Infrastructure\EMS.Modules.Ticketing.Infrastructure.csproj", "{31C39239-7467-4683-8C50-058216D57129}"
EndProject
Project("{FAE04EC0-301F-11D3-BF4B-00C04F79EFBC}") = "EMS.Modules.Ticketing.Presentation", "EMS.Modules.Ticketing.Presentation\EMS.Modules.Ticketing.Presentation.csproj", "{986E7754-30FB-4014-A433-C4CA225E3A61}"
EndProject
Project("{FAE04EC0-301F-11D3-BF4B-00C04F79EFBC}") = "EMS.Modules.Events.PublicApi", "EMS.Modules.Events.PublicApi\EMS.Modules.Events.PublicApi.csproj", "{F1408754-7A44-423D-A42E-A1AC0CEF0CFD}"
EndProject
Project("{FAE04EC0-301F-11D3-BF4B-00C04F79EFBC}") = "EMS.Modules.Users.IntegrationEvents", "EMS.Modules.Users.IntegrationEvents\EMS.Modules.Users.IntegrationEvents.csproj", "{0E856A20-B94C-467F-A7D2-BF0817A33894}"
EndProject
Project("{2150E333-8FDC-42A3-9474-1A3956D46DE8}") = "Attendance", "Attendance", "{0A778180-8BB3-4776-B564-A997F27569C6}"
EndProject
Project("{FAE04EC0-301F-11D3-BF4B-00C04F79EFBC}") = "EMS.Modules.Attendance.Application", "Evently.Modules.Attendance.Application\EMS.Modules.Attendance.Application.csproj", "{AAA87F84-83FD-4200-9ECC-95FCCF1E0E2C}"
EndProject
Project("{FAE04EC0-301F-11D3-BF4B-00C04F79EFBC}") = "EMS.Modules.Attendance.Domain", "EMS.Modules.Attendance.Domain\EMS.Modules.Attendance.Domain.csproj", "{480842BA-14C2-4AD3-9EE7-F6071D94DC91}"
EndProject
Project("{FAE04EC0-301F-11D3-BF4B-00C04F79EFBC}") = "EMS.Modules.Attendance.Infrastructure", "EMS.Modules.Attendance.Infrastructure\EMS.Modules.Attendance.Infrastructure.csproj", "{62A56BF9-3099-407B-B156-9AEC4CEB93EC}"
EndProject
Project("{FAE04EC0-301F-11D3-BF4B-00C04F79EFBC}") = "EMS.Modules.Attendance.IntegrationEvents", "EMS.Modules.Attendance.IntegrationEvents\EMS.Modules.Attendance.IntegrationEvents.csproj", "{8DA60182-7697-4CAB-8AD8-AACAF5B57DDA}"
EndProject
Project("{FAE04EC0-301F-11D3-BF4B-00C04F79EFBC}") = "EMS.Modules.Attendance.Presentation", "EMS.Modules.Attendance.Presentation\EMS.Modules.Attendance.Presentation.csproj", "{4FA573AE-F0E9-4755-9DFF-FCAA2F1E2CC2}"
EndProject
Global
	GlobalSection(SolutionConfigurationPlatforms) = preSolution
		Debug|Any CPU = Debug|Any CPU
		Release|Any CPU = Release|Any CPU
	EndGlobalSection
	GlobalSection(ProjectConfigurationPlatforms) = postSolution
		{0781E2FA-1E41-4E5B-B81A-77108F8880D9}.Debug|Any CPU.ActiveCfg = Debug|Any CPU
		{0781E2FA-1E41-4E5B-B81A-77108F8880D9}.Debug|Any CPU.Build.0 = Debug|Any CPU
		{0781E2FA-1E41-4E5B-B81A-77108F8880D9}.Release|Any CPU.ActiveCfg = Release|Any CPU
		{0781E2FA-1E41-4E5B-B81A-77108F8880D9}.Release|Any CPU.Build.0 = Release|Any CPU
		{F606E326-9A98-49FF-9B00-6DE475DFC76A}.Debug|Any CPU.ActiveCfg = Debug|Any CPU
		{F606E326-9A98-49FF-9B00-6DE475DFC76A}.Debug|Any CPU.Build.0 = Debug|Any CPU
		{F606E326-9A98-49FF-9B00-6DE475DFC76A}.Release|Any CPU.ActiveCfg = Release|Any CPU
		{F606E326-9A98-49FF-9B00-6DE475DFC76A}.Release|Any CPU.Build.0 = Release|Any CPU
		{2148125A-817B-473E-9CBB-C9BE87D196D3}.Debug|Any CPU.ActiveCfg = Debug|Any CPU
		{2148125A-817B-473E-9CBB-C9BE87D196D3}.Debug|Any CPU.Build.0 = Debug|Any CPU
		{2148125A-817B-473E-9CBB-C9BE87D196D3}.Release|Any CPU.ActiveCfg = Release|Any CPU
		{2148125A-817B-473E-9CBB-C9BE87D196D3}.Release|Any CPU.Build.0 = Release|Any CPU
		{FCC6E1EB-F9CB-424A-BB60-9FA0F7A7045D}.Debug|Any CPU.ActiveCfg = Debug|Any CPU
		{FCC6E1EB-F9CB-424A-BB60-9FA0F7A7045D}.Debug|Any CPU.Build.0 = Debug|Any CPU
		{FCC6E1EB-F9CB-424A-BB60-9FA0F7A7045D}.Release|Any CPU.ActiveCfg = Release|Any CPU
		{FCC6E1EB-F9CB-424A-BB60-9FA0F7A7045D}.Release|Any CPU.Build.0 = Release|Any CPU
		{429432BE-8F69-41C4-A834-E47096C173A6}.Debug|Any CPU.ActiveCfg = Debug|Any CPU
		{429432BE-8F69-41C4-A834-E47096C173A6}.Debug|Any CPU.Build.0 = Debug|Any CPU
		{429432BE-8F69-41C4-A834-E47096C173A6}.Release|Any CPU.ActiveCfg = Release|Any CPU
		{429432BE-8F69-41C4-A834-E47096C173A6}.Release|Any CPU.Build.0 = Release|Any CPU
		{B21B1425-B237-4956-8B0C-FCA57B0E7D71}.Debug|Any CPU.ActiveCfg = Debug|Any CPU
		{B21B1425-B237-4956-8B0C-FCA57B0E7D71}.Debug|Any CPU.Build.0 = Debug|Any CPU
		{B21B1425-B237-4956-8B0C-FCA57B0E7D71}.Release|Any CPU.ActiveCfg = Release|Any CPU
		{B21B1425-B237-4956-8B0C-FCA57B0E7D71}.Release|Any CPU.Build.0 = Release|Any CPU
		{6B98CC6E-E60E-4A8A-A98D-7C8E1893E3BD}.Debug|Any CPU.ActiveCfg = Debug|Any CPU
		{6B98CC6E-E60E-4A8A-A98D-7C8E1893E3BD}.Debug|Any CPU.Build.0 = Debug|Any CPU
		{6B98CC6E-E60E-4A8A-A98D-7C8E1893E3BD}.Release|Any CPU.ActiveCfg = Release|Any CPU
		{6B98CC6E-E60E-4A8A-A98D-7C8E1893E3BD}.Release|Any CPU.Build.0 = Release|Any CPU
		{C1753792-6DB6-4097-AF79-76413305187E}.Debug|Any CPU.ActiveCfg = Debug|Any CPU
		{C1753792-6DB6-4097-AF79-76413305187E}.Debug|Any CPU.Build.0 = Debug|Any CPU
		{C1753792-6DB6-4097-AF79-76413305187E}.Release|Any CPU.ActiveCfg = Release|Any CPU
		{C1753792-6DB6-4097-AF79-76413305187E}.Release|Any CPU.Build.0 = Release|Any CPU
		{D9E0086B-F0EC-45E6-8EAD-6C313A343AB7}.Debug|Any CPU.ActiveCfg = Debug|Any CPU
		{D9E0086B-F0EC-45E6-8EAD-6C313A343AB7}.Debug|Any CPU.Build.0 = Debug|Any CPU
		{D9E0086B-F0EC-45E6-8EAD-6C313A343AB7}.Release|Any CPU.ActiveCfg = Release|Any CPU
		{D9E0086B-F0EC-45E6-8EAD-6C313A343AB7}.Release|Any CPU.Build.0 = Release|Any CPU
		{70E500DB-260D-4ADF-8867-F061116DA6B6}.Debug|Any CPU.ActiveCfg = Debug|Any CPU
		{70E500DB-260D-4ADF-8867-F061116DA6B6}.Debug|Any CPU.Build.0 = Debug|Any CPU
		{70E500DB-260D-4ADF-8867-F061116DA6B6}.Release|Any CPU.ActiveCfg = Release|Any CPU
		{70E500DB-260D-4ADF-8867-F061116DA6B6}.Release|Any CPU.Build.0 = Release|Any CPU
		{A805DB06-3650-4AD1-9076-72F3BBE9351A}.Debug|Any CPU.ActiveCfg = Debug|Any CPU
		{A805DB06-3650-4AD1-9076-72F3BBE9351A}.Debug|Any CPU.Build.0 = Debug|Any CPU
		{A805DB06-3650-4AD1-9076-72F3BBE9351A}.Release|Any CPU.ActiveCfg = Release|Any CPU
		{A805DB06-3650-4AD1-9076-72F3BBE9351A}.Release|Any CPU.Build.0 = Release|Any CPU
		{2470D80C-54D2-48C8-B51A-10E2C0C20F6D}.Debug|Any CPU.ActiveCfg = Debug|Any CPU
		{2470D80C-54D2-48C8-B51A-10E2C0C20F6D}.Debug|Any CPU.Build.0 = Debug|Any CPU
		{2470D80C-54D2-48C8-B51A-10E2C0C20F6D}.Release|Any CPU.ActiveCfg = Release|Any CPU
		{2470D80C-54D2-48C8-B51A-10E2C0C20F6D}.Release|Any CPU.Build.0 = Release|Any CPU
		{EE71642A-A038-4181-A011-B0F406DE6B3E}.Debug|Any CPU.ActiveCfg = Debug|Any CPU
		{EE71642A-A038-4181-A011-B0F406DE6B3E}.Debug|Any CPU.Build.0 = Debug|Any CPU
		{EE71642A-A038-4181-A011-B0F406DE6B3E}.Release|Any CPU.ActiveCfg = Release|Any CPU
		{EE71642A-A038-4181-A011-B0F406DE6B3E}.Release|Any CPU.Build.0 = Release|Any CPU
		{6CF02AE3-67BA-4F92-B420-7473AA288CCB}.Debug|Any CPU.ActiveCfg = Debug|Any CPU
		{6CF02AE3-67BA-4F92-B420-7473AA288CCB}.Debug|Any CPU.Build.0 = Debug|Any CPU
		{6CF02AE3-67BA-4F92-B420-7473AA288CCB}.Release|Any CPU.ActiveCfg = Release|Any CPU
		{6CF02AE3-67BA-4F92-B420-7473AA288CCB}.Release|Any CPU.Build.0 = Release|Any CPU
		{8A3C4434-D23A-4F7D-80A0-AC38B2B122DE}.Debug|Any CPU.ActiveCfg = Debug|Any CPU
		{8A3C4434-D23A-4F7D-80A0-AC38B2B122DE}.Debug|Any CPU.Build.0 = Debug|Any CPU
		{8A3C4434-D23A-4F7D-80A0-AC38B2B122DE}.Release|Any CPU.ActiveCfg = Release|Any CPU
		{8A3C4434-D23A-4F7D-80A0-AC38B2B122DE}.Release|Any CPU.Build.0 = Release|Any CPU
		{D80A5B8C-C844-4403-855B-73E3F16BD9E3}.Debug|Any CPU.ActiveCfg = Debug|Any CPU
		{D80A5B8C-C844-4403-855B-73E3F16BD9E3}.Debug|Any CPU.Build.0 = Debug|Any CPU
		{D80A5B8C-C844-4403-855B-73E3F16BD9E3}.Release|Any CPU.ActiveCfg = Release|Any CPU
		{D80A5B8C-C844-4403-855B-73E3F16BD9E3}.Release|Any CPU.Build.0 = Release|Any CPU
		{31C39239-7467-4683-8C50-058216D57129}.Debug|Any CPU.ActiveCfg = Debug|Any CPU
		{31C39239-7467-4683-8C50-058216D57129}.Debug|Any CPU.Build.0 = Debug|Any CPU
		{31C39239-7467-4683-8C50-058216D57129}.Release|Any CPU.ActiveCfg = Release|Any CPU
		{31C39239-7467-4683-8C50-058216D57129}.Release|Any CPU.Build.0 = Release|Any CPU
		{986E7754-30FB-4014-A433-C4CA225E3A61}.Debug|Any CPU.ActiveCfg = Debug|Any CPU
		{986E7754-30FB-4014-A433-C4CA225E3A61}.Debug|Any CPU.Build.0 = Debug|Any CPU
		{986E7754-30FB-4014-A433-C4CA225E3A61}.Release|Any CPU.ActiveCfg = Release|Any CPU
		{986E7754-30FB-4014-A433-C4CA225E3A61}.Release|Any CPU.Build.0 = Release|Any CPU
		{F1408754-7A44-423D-A42E-A1AC0CEF0CFD}.Debug|Any CPU.ActiveCfg = Debug|Any CPU
		{F1408754-7A44-423D-A42E-A1AC0CEF0CFD}.Debug|Any CPU.Build.0 = Debug|Any CPU
		{F1408754-7A44-423D-A42E-A1AC0CEF0CFD}.Release|Any CPU.ActiveCfg = Release|Any CPU
		{F1408754-7A44-423D-A42E-A1AC0CEF0CFD}.Release|Any CPU.Build.0 = Release|Any CPU
		{0E856A20-B94C-467F-A7D2-BF0817A33894}.Debug|Any CPU.ActiveCfg = Debug|Any CPU
		{0E856A20-B94C-467F-A7D2-BF0817A33894}.Debug|Any CPU.Build.0 = Debug|Any CPU
		{0E856A20-B94C-467F-A7D2-BF0817A33894}.Release|Any CPU.ActiveCfg = Release|Any CPU
		{0E856A20-B94C-467F-A7D2-BF0817A33894}.Release|Any CPU.Build.0 = Release|Any CPU
		{AAA87F84-83FD-4200-9ECC-95FCCF1E0E2C}.Debug|Any CPU.ActiveCfg = Debug|Any CPU
		{AAA87F84-83FD-4200-9ECC-95FCCF1E0E2C}.Debug|Any CPU.Build.0 = Debug|Any CPU
		{AAA87F84-83FD-4200-9ECC-95FCCF1E0E2C}.Release|Any CPU.ActiveCfg = Release|Any CPU
		{AAA87F84-83FD-4200-9ECC-95FCCF1E0E2C}.Release|Any CPU.Build.0 = Release|Any CPU
		{480842BA-14C2-4AD3-9EE7-F6071D94DC91}.Debug|Any CPU.ActiveCfg = Debug|Any CPU
		{480842BA-14C2-4AD3-9EE7-F6071D94DC91}.Debug|Any CPU.Build.0 = Debug|Any CPU
		{480842BA-14C2-4AD3-9EE7-F6071D94DC91}.Release|Any CPU.ActiveCfg = Release|Any CPU
		{480842BA-14C2-4AD3-9EE7-F6071D94DC91}.Release|Any CPU.Build.0 = Release|Any CPU
		{62A56BF9-3099-407B-B156-9AEC4CEB93EC}.Debug|Any CPU.ActiveCfg = Debug|Any CPU
		{62A56BF9-3099-407B-B156-9AEC4CEB93EC}.Debug|Any CPU.Build.0 = Debug|Any CPU
		{62A56BF9-3099-407B-B156-9AEC4CEB93EC}.Release|Any CPU.ActiveCfg = Release|Any CPU
		{62A56BF9-3099-407B-B156-9AEC4CEB93EC}.Release|Any CPU.Build.0 = Release|Any CPU
		{8DA60182-7697-4CAB-8AD8-AACAF5B57DDA}.Debug|Any CPU.ActiveCfg = Debug|Any CPU
		{8DA60182-7697-4CAB-8AD8-AACAF5B57DDA}.Debug|Any CPU.Build.0 = Debug|Any CPU
		{8DA60182-7697-4CAB-8AD8-AACAF5B57DDA}.Release|Any CPU.ActiveCfg = Release|Any CPU
		{8DA60182-7697-4CAB-8AD8-AACAF5B57DDA}.Release|Any CPU.Build.0 = Release|Any CPU
		{4FA573AE-F0E9-4755-9DFF-FCAA2F1E2CC2}.Debug|Any CPU.ActiveCfg = Debug|Any CPU
		{4FA573AE-F0E9-4755-9DFF-FCAA2F1E2CC2}.Debug|Any CPU.Build.0 = Debug|Any CPU
		{4FA573AE-F0E9-4755-9DFF-FCAA2F1E2CC2}.Release|Any CPU.ActiveCfg = Release|Any CPU
		{4FA573AE-F0E9-4755-9DFF-FCAA2F1E2CC2}.Release|Any CPU.Build.0 = Release|Any CPU
	EndGlobalSection
	GlobalSection(SolutionProperties) = preSolution
		HideSolutionNode = FALSE
	EndGlobalSection
	GlobalSection(NestedProjects) = preSolution
		{2B761148-B7F9-436D-8759-922F90929E39} = {540D6BE2-3988-414D-AE31-5FCC8550EF8A}
		{C53FCC9F-5949-4CEB-A5FF-6458A230085F} = {540D6BE2-3988-414D-AE31-5FCC8550EF8A}
		{AA39295F-FF8C-4571-86FD-B0475186AB56} = {C53FCC9F-5949-4CEB-A5FF-6458A230085F}
		{0781E2FA-1E41-4E5B-B81A-77108F8880D9} = {2B761148-B7F9-436D-8759-922F90929E39}
		{2148125A-817B-473E-9CBB-C9BE87D196D3} = {AA39295F-FF8C-4571-86FD-B0475186AB56}
		{FCC6E1EB-F9CB-424A-BB60-9FA0F7A7045D} = {AA39295F-FF8C-4571-86FD-B0475186AB56}
		{429432BE-8F69-41C4-A834-E47096C173A6} = {AA39295F-FF8C-4571-86FD-B0475186AB56}
		{B21B1425-B237-4956-8B0C-FCA57B0E7D71} = {AA39295F-FF8C-4571-86FD-B0475186AB56}
		{02EA681E-C7D8-13C7-8484-4AC65E1B71E8} = {540D6BE2-3988-414D-AE31-5FCC8550EF8A}
		{6B98CC6E-E60E-4A8A-A98D-7C8E1893E3BD} = {02EA681E-C7D8-13C7-8484-4AC65E1B71E8}
		{C1753792-6DB6-4097-AF79-76413305187E} = {02EA681E-C7D8-13C7-8484-4AC65E1B71E8}
		{D9E0086B-F0EC-45E6-8EAD-6C313A343AB7} = {02EA681E-C7D8-13C7-8484-4AC65E1B71E8}
		{70E500DB-260D-4ADF-8867-F061116DA6B6} = {02EA681E-C7D8-13C7-8484-4AC65E1B71E8}
		{8B7C0F60-A51B-4C7B-97F2-61D72753E425} = {C53FCC9F-5949-4CEB-A5FF-6458A230085F}
		{A805DB06-3650-4AD1-9076-72F3BBE9351A} = {8B7C0F60-A51B-4C7B-97F2-61D72753E425}
		{2470D80C-54D2-48C8-B51A-10E2C0C20F6D} = {8B7C0F60-A51B-4C7B-97F2-61D72753E425}
		{EE71642A-A038-4181-A011-B0F406DE6B3E} = {8B7C0F60-A51B-4C7B-97F2-61D72753E425}
		{6CF02AE3-67BA-4F92-B420-7473AA288CCB} = {8B7C0F60-A51B-4C7B-97F2-61D72753E425}
		{9AE82879-880B-4DC2-B9DB-4633B8A17FA7} = {C53FCC9F-5949-4CEB-A5FF-6458A230085F}
		{8A3C4434-D23A-4F7D-80A0-AC38B2B122DE} = {9AE82879-880B-4DC2-B9DB-4633B8A17FA7}
		{D80A5B8C-C844-4403-855B-73E3F16BD9E3} = {9AE82879-880B-4DC2-B9DB-4633B8A17FA7}
		{31C39239-7467-4683-8C50-058216D57129} = {9AE82879-880B-4DC2-B9DB-4633B8A17FA7}
		{986E7754-30FB-4014-A433-C4CA225E3A61} = {9AE82879-880B-4DC2-B9DB-4633B8A17FA7}
		{F1408754-7A44-423D-A42E-A1AC0CEF0CFD} = {AA39295F-FF8C-4571-86FD-B0475186AB56}
		{0E856A20-B94C-467F-A7D2-BF0817A33894} = {8B7C0F60-A51B-4C7B-97F2-61D72753E425}
		{0A778180-8BB3-4776-B564-A997F27569C6} = {C53FCC9F-5949-4CEB-A5FF-6458A230085F}
		{AAA87F84-83FD-4200-9ECC-95FCCF1E0E2C} = {0A778180-8BB3-4776-B564-A997F27569C6}
		{480842BA-14C2-4AD3-9EE7-F6071D94DC91} = {0A778180-8BB3-4776-B564-A997F27569C6}
		{62A56BF9-3099-407B-B156-9AEC4CEB93EC} = {0A778180-8BB3-4776-B564-A997F27569C6}
		{8DA60182-7697-4CAB-8AD8-AACAF5B57DDA} = {0A778180-8BB3-4776-B564-A997F27569C6}
		{4FA573AE-F0E9-4755-9DFF-FCAA2F1E2CC2} = {0A778180-8BB3-4776-B564-A997F27569C6}
	EndGlobalSection
	GlobalSection(ExtensibilityGlobals) = postSolution
		SolutionGuid = {1EE9B65A-FB28-4304-BDBC-3AB6525368DE}
	EndGlobalSection
EndGlobal
